# @generated by Move, please check-in and do not edit manually.

[move]
version = 3
manifest_digest = "C25F6B2B3C62FC54A8D1E6089444DE64F97E2DBC47080091FEC718FFD8E5405D"
deps_digest = "F8BBB0CCB2491CA29A3DF03D6F92277A4F3574266507ACD77214D37ECA3F3082"
dependencies = [
  { id = "Sui", name = "Sui" },
]

[[move.package]]
id = "MoveStdlib"
source = { git = "https://github.com/MystenLabs/sui.git", rev = "framework/mainnet", subdir = "crates/sui-framework/packages/move-stdlib" }

[[move.package]]
id = "Sui"
source = { git = "https://github.com/MystenLabs/sui.git", rev = "framework/mainnet", subdir = "crates/sui-framework/packages/sui-framework" }

dependencies = [
  { id = "MoveStdlib", name = "MoveStdlib" },
]

[move.toolchain-version]
compiler-version = "1.39.1"
edition = "2024.beta"
flavor = "sui"

[env]

[env.devnet]
chain-id = "19012592"
original-published-id = "0x9c1275cba0f787b73f1e72b51105dc2edce330213d4bb669ad0c68c8524b556c"
latest-published-id = "0x9c1275cba0f787b73f1e72b51105dc2edce330213d4bb669ad0c68c8524b556c"
published-version = "1"

[env.testnet]
chain-id = "4c78adac"
original-published-id = "0x0e019c9c3305a48ab8806b34311a93ae8ad3c6ddcce211b2ab257cd223da55b9"
latest-published-id = "0x0e019c9c3305a48ab8806b34311a93ae8ad3c6ddcce211b2ab257cd223da55b9"
published-version = "1"

[env.mainnet]
chain-id = "35834a8a"
original-published-id = "0xffec77bdbb001fb7d9770bfdee1d3d1e5f48598d77c6ba793d8452e166ccb0d4"
latest-published-id = "0xcdac4f0000d108b7361d25309d2f523f7012d20e83231e968329130507a18dc1"
published-version = "6"
