# @generated by Move, please check-in and do not edit manually.

[move]
version = 3
manifest_digest = "CFE834FFDC6322597E24DE9B0F6FBF6EA2729D2A4D98BF21D90B50F016C68F6D"
deps_digest = "F8BBB0CCB2491CA29A3DF03D6F92277A4F3574266507ACD77214D37ECA3F3082"
dependencies = [
  { id = "Sui", name = "Sui" },
]

[[move.package]]
id = "MoveStdlib"
source = { git = "https://github.com/MystenLabs/sui.git", rev = "framework/testnet", subdir = "crates/sui-framework/packages/move-stdlib" }

[[move.package]]
id = "Sui"
source = { git = "https://github.com/MystenLabs/sui.git", rev = "framework/testnet", subdir = "crates/sui-framework/packages/sui-framework" }

dependencies = [
  { id = "MoveStdlib", name = "MoveStdlib" },
]

[move.toolchain-version]
compiler-version = "1.39.1"
edition = "2024.beta"
flavor = "sui"

[env]

[env.devnet]
chain-id = "ec8bffc7"
original-published-id = "0x210d00f123ac5806e1d3a259e699fe52ff8d5274c48cae1f2636d1706282b5b2"
latest-published-id = "0x210d00f123ac5806e1d3a259e699fe52ff8d5274c48cae1f2636d1706282b5b2"
published-version = "1"

[env.testnet]
chain-id = "4c78adac"
original-published-id = "0xde0cb879e90c012623586df7376d00d3b50f18fae6626ac019fc9edb21bfdfe7"
latest-published-id = "0xde0cb879e90c012623586df7376d00d3b50f18fae6626ac019fc9edb21bfdfe7"
published-version = "1"
